// !$*UTF8*$!
{
	archiveVersion = 1;
	classes = {
	};
	objectVersion = 56;
	objects = {

/* Begin PBXBuildFile section */
		3B4ED0702BDD64110000D416 /* AppDelegate.swift in Sources */ = {isa = PBXBuildFile; fileRef = 3B4ED06F2BDD64110000D416 /* AppDelegate.swift */; };
		3B4ED0722BDD64110000D416 /* SceneDelegate.swift in Sources */ = {isa = PBXBuildFile; fileRef = 3B4ED0712BDD64110000D416 /* SceneDelegate.swift */; };
		3B4ED0742BDD64110000D416 /* MainViewController.swift in Sources */ = {isa = PBXBuildFile; fileRef = 3B4ED0732BDD64110000D416 /* MainViewController.swift */; };
		3B4ED0772BDD64110000D416 /* Main.storyboard in Resources */ = {isa = PBXBuildFile; fileRef = 3B4ED0752BDD64110000D416 /* Main.storyboard */; };
		3B4ED0792BDD64130000D416 /* Assets.xcassets in Resources */ = {isa = PBXBuildFile; fileRef = 3B4ED0782BDD64130000D416 /* Assets.xcassets */; };
		3B4ED07C2BDD64130000D416 /* LaunchScreen.storyboard in Resources */ = {isa = PBXBuildFile; fileRef = 3B4ED07A2BDD64130000D416 /* LaunchScreen.storyboard */; };
		3B4ED0872BDD64130000D416 /* PixivTutorials1Tests.swift in Sources */ = {isa = PBXBuildFile; fileRef = 3B4ED0862BDD64130000D416 /* PixivTutorials1Tests.swift */; };
		3B4ED0912BDD64130000D416 /* PixivTutorials1UITests.swift in Sources */ = {isa = PBXBuildFile; fileRef = 3B4ED0902BDD64130000D416 /* PixivTutorials1UITests.swift */; };
		3B4ED0932BDD64130000D416 /* PixivTutorials1UITestsLaunchTests.swift in Sources */ = {isa = PBXBuildFile; fileRef = 3B4ED0922BDD64130000D416 /* PixivTutorials1UITestsLaunchTests.swift */; };
		3B4ED0A12BDD76CF0000D416 /* IllustCell.swift in Sources */ = {isa = PBXBuildFile; fileRef = 3B4ED09F2BDD76CF0000D416 /* IllustCell.swift */; };
		3B4ED0A42BDD7B4B0000D416 /* IllustCell.xib in Resources */ = {isa = PBXBuildFile; fileRef = 3B4ED0A32BDD7B4B0000D416 /* IllustCell.xib */; };
		3B4ED0A82BDE12E80000D416 /* HeaderCell.swift in Sources */ = {isa = PBXBuildFile; fileRef = 3B4ED0A72BDE12E80000D416 /* HeaderCell.swift */; };
		3B4ED0AA2BDE131A0000D416 /* HeaderCell.xib in Resources */ = {isa = PBXBuildFile; fileRef = 3B4ED0A92BDE131A0000D416 /* HeaderCell.xib */; };
/* End PBXBuildFile section */

/* Begin PBXContainerItemProxy section */
		3B4ED0832BDD64130000D416 /* PBXContainerItemProxy */ = {
			isa = PBXContainerItemProxy;
			containerPortal = 3B4ED0642BDD64110000D416 /* Project object */;
			proxyType = 1;
			remoteGlobalIDString = 3B4ED06B2BDD64110000D416;
			remoteInfo = PixivTutorials1;
		};
		3B4ED08D2BDD64130000D416 /* PBXContainerItemProxy */ = {
			isa = PBXContainerItemProxy;
			containerPortal = 3B4ED0642BDD64110000D416 /* Project object */;
			proxyType = 1;
			remoteGlobalIDString = 3B4ED06B2BDD64110000D416;
			remoteInfo = PixivTutorials1;
		};
/* End PBXContainerItemProxy section */

/* Begin PBXFileReference section */
		3B4ED06C2BDD64110000D416 /* PixivTutorials1.app */ = {isa = PBXFileReference; explicitFileType = wrapper.application; includeInIndex = 0; path = PixivTutorials1.app; sourceTree = BUILT_PRODUCTS_DIR; };
		3B4ED06F2BDD64110000D416 /* AppDelegate.swift */ = {isa = PBXFileReference; lastKnownFileType = sourcecode.swift; path = AppDelegate.swift; sourceTree = "<group>"; };
		3B4ED0712BDD64110000D416 /* SceneDelegate.swift */ = {isa = PBXFileReference; lastKnownFileType = sourcecode.swift; path = SceneDelegate.swift; sourceTree = "<group>"; };
		3B4ED0732BDD64110000D416 /* MainViewController.swift */ = {isa = PBXFileReference; lastKnownFileType = sourcecode.swift; path = MainViewController.swift; sourceTree = "<group>"; };
		3B4ED0762BDD64110000D416 /* Base */ = {isa = PBXFileReference; lastKnownFileType = file.storyboard; name = Base; path = Base.lproj/Main.storyboard; sourceTree = "<group>"; };
		3B4ED0782BDD64130000D416 /* Assets.xcassets */ = {isa = PBXFileReference; lastKnownFileType = folder.assetcatalog; path = Assets.xcassets; sourceTree = "<group>"; };
		3B4ED07B2BDD64130000D416 /* Base */ = {isa = PBXFileReference; lastKnownFileType = file.storyboard; name = Base; path = Base.lproj/LaunchScreen.storyboard; sourceTree = "<group>"; };
		3B4ED07D2BDD64130000D416 /* Info.plist */ = {isa = PBXFileReference; lastKnownFileType = text.plist.xml; path = Info.plist; sourceTree = "<group>"; };
		3B4ED0822BDD64130000D416 /* PixivTutorials1Tests.xctest */ = {isa = PBXFileReference; explicitFileType = wrapper.cfbundle; includeInIndex = 0; path = PixivTutorials1Tests.xctest; sourceTree = BUILT_PRODUCTS_DIR; };
		3B4ED0862BDD64130000D416 /* PixivTutorials1Tests.swift */ = {isa = PBXFileReference; lastKnownFileType = sourcecode.swift; path = PixivTutorials1Tests.swift; sourceTree = "<group>"; };
		3B4ED08C2BDD64130000D416 /* PixivTutorials1UITests.xctest */ = {isa = PBXFileReference; explicitFileType = wrapper.cfbundle; includeInIndex = 0; path = PixivTutorials1UITests.xctest; sourceTree = BUILT_PRODUCTS_DIR; };
		3B4ED0902BDD64130000D416 /* PixivTutorials1UITests.swift */ = {isa = PBXFileReference; lastKnownFileType = sourcecode.swift; path = PixivTutorials1UITests.swift; sourceTree = "<group>"; };
		3B4ED0922BDD64130000D416 /* PixivTutorials1UITestsLaunchTests.swift */ = {isa = PBXFileReference; lastKnownFileType = sourcecode.swift; path = PixivTutorials1UITestsLaunchTests.swift; sourceTree = "<group>"; };
		3B4ED09F2BDD76CF0000D416 /* IllustCell.swift */ = {isa = PBXFileReference; lastKnownFileType = sourcecode.swift; path = IllustCell.swift; sourceTree = "<group>"; };
		3B4ED0A32BDD7B4B0000D416 /* IllustCell.xib */ = {isa = PBXFileReference; lastKnownFileType = file.xib; path = IllustCell.xib; sourceTree = "<group>"; };
		3B4ED0A72BDE12E80000D416 /* HeaderCell.swift */ = {isa = PBXFileReference; lastKnownFileType = sourcecode.swift; path = HeaderCell.swift; sourceTree = "<group>"; };
		3B4ED0A92BDE131A0000D416 /* HeaderCell.xib */ = {isa = PBXFileReference; lastKnownFileType = file.xib; path = HeaderCell.xib; sourceTree = "<group>"; };
/* End PBXFileReference section */

/* Begin PBXFrameworksBuildPhase section */
		3B4ED0692BDD64110000D416 /* Frameworks */ = {
			isa = PBXFrameworksBuildPhase;
			buildActionMask = 2147483647;
			files = (
			);
			runOnlyForDeploymentPostprocessing = 0;
		};
		3B4ED07F2BDD64130000D416 /* Frameworks */ = {
			isa = PBXFrameworksBuildPhase;
			buildActionMask = 2147483647;
			files = (
			);
			runOnlyForDeploymentPostprocessing = 0;
		};
		3B4ED0892BDD64130000D416 /* Frameworks */ = {
			isa = PBXFrameworksBuildPhase;
			buildActionMask = 2147483647;
			files = (
			);
			runOnlyForDeploymentPostprocessing = 0;
		};
/* End PBXFrameworksBuildPhase section */

/* Begin PBXGroup section */
		3B4ED0632BDD64110000D416 = {
			isa = PBXGroup;
			children = (
				3B4ED06E2BDD64110000D416 /* PixivTutorials1 */,
				3B4ED0852BDD64130000D416 /* PixivTutorials1Tests */,
				3B4ED08F2BDD64130000D416 /* PixivTutorials1UITests */,
				3B4ED06D2BDD64110000D416 /* Products */,
			);
			sourceTree = "<group>";
		};
		3B4ED06D2BDD64110000D416 /* Products */ = {
			isa = PBXGroup;
			children = (
				3B4ED06C2BDD64110000D416 /* PixivTutorials1.app */,
				3B4ED0822BDD64130000D416 /* PixivTutorials1Tests.xctest */,
				3B4ED08C2BDD64130000D416 /* PixivTutorials1UITests.xctest */,
			);
			name = Products;
			sourceTree = "<group>";
		};
		3B4ED06E2BDD64110000D416 /* PixivTutorials1 */ = {
			isa = PBXGroup;
			children = (
				3B4ED06F2BDD64110000D416 /* AppDelegate.swift */,
				3B4ED0712BDD64110000D416 /* SceneDelegate.swift */,
				3B4ED0732BDD64110000D416 /* MainViewController.swift */,
				3B4ED0A72BDE12E80000D416 /* HeaderCell.swift */,
				3B4ED0A92BDE131A0000D416 /* HeaderCell.xib */,
				3B4ED0A32BDD7B4B0000D416 /* IllustCell.xib */,
				3B4ED09F2BDD76CF0000D416 /* IllustCell.swift */,
				3B4ED0752BDD64110000D416 /* Main.storyboard */,
				3B4ED0782BDD64130000D416 /* Assets.xcassets */,
				3B4ED07A2BDD64130000D416 /* LaunchScreen.storyboard */,
				3B4ED07D2BDD64130000D416 /* Info.plist */,
			);
			path = PixivTutorials1;
			sourceTree = "<group>";
		};
		3B4ED0852BDD64130000D416 /* PixivTutorials1Tests */ = {
			isa = PBXGroup;
			children = (
				3B4ED0862BDD64130000D416 /* PixivTutorials1Tests.swift */,
			);
			path = PixivTutorials1Tests;
			sourceTree = "<group>";
		};
		3B4ED08F2BDD64130000D416 /* PixivTutorials1UITests */ = {
			isa = PBXGroup;
			children = (
				3B4ED0902BDD64130000D416 /* PixivTutorials1UITests.swift */,
				3B4ED0922BDD64130000D416 /* PixivTutorials1UITestsLaunchTests.swift */,
			);
			path = PixivTutorials1UITests;
			sourceTree = "<group>";
		};
/* End PBXGroup section */

/* Begin PBXNativeTarget section */
		3B4ED06B2BDD64110000D416 /* PixivTutorials1 */ = {
			isa = PBXNativeTarget;
			buildConfigurationList = 3B4ED0962BDD64130000D416 /* Build configuration list for PBXNativeTarget "PixivTutorials1" */;
			buildPhases = (
				3B4ED0682BDD64110000D416 /* Sources */,
				3B4ED0692BDD64110000D416 /* Frameworks */,
				3B4ED06A2BDD64110000D416 /* Resources */,
			);
			buildRules = (
			);
			dependencies = (
			);
			name = PixivTutorials1;
			productName = PixivTutorials1;
			productReference = 3B4ED06C2BDD64110000D416 /* PixivTutorials1.app */;
			productType = "com.apple.product-type.application";
		};
		3B4ED0812BDD64130000D416 /* PixivTutorials1Tests */ = {
			isa = PBXNativeTarget;
			buildConfigurationList = 3B4ED0992BDD64130000D416 /* Build configuration list for PBXNativeTarget "PixivTutorials1Tests" */;
			buildPhases = (
				3B4ED07E2BDD64130000D416 /* Sources */,
				3B4ED07F2BDD64130000D416 /* Frameworks */,
				3B4ED0802BDD64130000D416 /* Resources */,
			);
			buildRules = (
			);
			dependencies = (
				3B4ED0842BDD64130000D416 /* PBXTargetDependency */,
			);
			name = PixivTutorials1Tests;
			productName = PixivTutorials1Tests;
			productReference = 3B4ED0822BDD64130000D416 /* PixivTutorials1Tests.xctest */;
			productType = "com.apple.product-type.bundle.unit-test";
		};
		3B4ED08B2BDD64130000D416 /* PixivTutorials1UITests */ = {
			isa = PBXNativeTarget;
			buildConfigurationList = 3B4ED09C2BDD64130000D416 /* Build configuration list for PBXNativeTarget "PixivTutorials1UITests" */;
			buildPhases = (
				3B4ED0882BDD64130000D416 /* Sources */,
				3B4ED0892BDD64130000D416 /* Frameworks */,
				3B4ED08A2BDD64130000D416 /* Resources */,
			);
			buildRules = (
			);
			dependencies = (
				3B4ED08E2BDD64130000D416 /* PBXTargetDependency */,
			);
			name = PixivTutorials1UITests;
			productName = PixivTutorials1UITests;
			productReference = 3B4ED08C2BDD64130000D416 /* PixivTutorials1UITests.xctest */;
			productType = "com.apple.product-type.bundle.ui-testing";
		};
/* End PBXNativeTarget section */

/* Begin PBXProject section */
		3B4ED0642BDD64110000D416 /* Project object */ = {
			isa = PBXProject;
			attributes = {
				BuildIndependentTargetsInParallel = 1;
				LastSwiftUpdateCheck = 1520;
				LastUpgradeCheck = 1520;
				TargetAttributes = {
					3B4ED06B2BDD64110000D416 = {
						CreatedOnToolsVersion = 15.2;
					};
					3B4ED0812BDD64130000D416 = {
						CreatedOnToolsVersion = 15.2;
						TestTargetID = 3B4ED06B2BDD64110000D416;
					};
					3B4ED08B2BDD64130000D416 = {
						CreatedOnToolsVersion = 15.2;
						TestTargetID = 3B4ED06B2BDD64110000D416;
					};
				};
			};
			buildConfigurationList = 3B4ED0672BDD64110000D416 /* Build configuration list for PBXProject "PixivTutorials1" */;
			compatibilityVersion = "Xcode 14.0";
			developmentRegion = en;
			hasScannedForEncodings = 0;
			knownRegions = (
				en,
				Base,
			);
			mainGroup = 3B4ED0632BDD64110000D416;
			productRefGroup = 3B4ED06D2BDD64110000D416 /* Products */;
			projectDirPath = "";
			projectRoot = "";
			targets = (
				3B4ED06B2BDD64110000D416 /* PixivTutorials1 */,
				3B4ED0812BDD64130000D416 /* PixivTutorials1Tests */,
				3B4ED08B2BDD64130000D416 /* PixivTutorials1UITests */,
			);
		};
/* End PBXProject section */

/* Begin PBXResourcesBuildPhase section */
		3B4ED06A2BDD64110000D416 /* Resources */ = {
			isa = PBXResourcesBuildPhase;
			buildActionMask = 2147483647;
			files = (
				3B4ED0AA2BDE131A0000D416 /* HeaderCell.xib in Resources */,
				3B4ED0A42BDD7B4B0000D416 /* IllustCell.xib in Resources */,
				3B4ED07C2BDD64130000D416 /* LaunchScreen.storyboard in Resources */,
				3B4ED0792BDD64130000D416 /* Assets.xcassets in Resources */,
				3B4ED0772BDD64110000D416 /* Main.storyboard in Resources */,
			);
			runOnlyForDeploymentPostprocessing = 0;
		};
		3B4ED0802BDD64130000D416 /* Resources */ = {
			isa = PBXResourcesBuildPhase;
			buildActionMask = 2147483647;
			files = (
			);
			runOnlyForDeploymentPostprocessing = 0;
		};
		3B4ED08A2BDD64130000D416 /* Resources */ = {
			isa = PBXResourcesBuildPhase;
			buildActionMask = 2147483647;
			files = (
			);
			runOnlyForDeploymentPostprocessing = 0;
		};
/* End PBXResourcesBuildPhase section */

/* Begin PBXSourcesBuildPhase section */
		3B4ED0682BDD64110000D416 /* Sources */ = {
			isa = PBXSourcesBuildPhase;
			buildActionMask = 2147483647;
			files = (
				3B4ED0A12BDD76CF0000D416 /* IllustCell.swift in Sources */,
				3B4ED0A82BDE12E80000D416 /* HeaderCell.swift in Sources */,
				3B4ED0742BDD64110000D416 /* MainViewController.swift in Sources */,
				3B4ED0702BDD64110000D416 /* AppDelegate.swift in Sources */,
				3B4ED0722BDD64110000D416 /* SceneDelegate.swift in Sources */,
			);
			runOnlyForDeploymentPostprocessing = 0;
		};
		3B4ED07E2BDD64130000D416 /* Sources */ = {
			isa = PBXSourcesBuildPhase;
			buildActionMask = 2147483647;
			files = (
				3B4ED0872BDD64130000D416 /* PixivTutorials1Tests.swift in Sources */,
			);
			runOnlyForDeploymentPostprocessing = 0;
		};
		3B4ED0882BDD64130000D416 /* Sources */ = {
			isa = PBXSourcesBuildPhase;
			buildActionMask = 2147483647;
			files = (
				3B4ED0912BDD64130000D416 /* PixivTutorials1UITests.swift in Sources */,
				3B4ED0932BDD64130000D416 /* PixivTutorials1UITestsLaunchTests.swift in Sources */,
			);
			runOnlyForDeploymentPostprocessing = 0;
		};
/* End PBXSourcesBuildPhase section */

/* Begin PBXTargetDependency section */
		3B4ED0842BDD64130000D416 /* PBXTargetDependency */ = {
			isa = PBXTargetDependency;
			target = 3B4ED06B2BDD64110000D416 /* PixivTutorials1 */;
			targetProxy = 3B4ED0832BDD64130000D416 /* PBXContainerItemProxy */;
		};
		3B4ED08E2BDD64130000D416 /* PBXTargetDependency */ = {
			isa = PBXTargetDependency;
			target = 3B4ED06B2BDD64110000D416 /* PixivTutorials1 */;
			targetProxy = 3B4ED08D2BDD64130000D416 /* PBXContainerItemProxy */;
		};
/* End PBXTargetDependency section */

/* Begin PBXVariantGroup section */
		3B4ED0752BDD64110000D416 /* Main.storyboard */ = {
			isa = PBXVariantGroup;
			children = (
				3B4ED0762BDD64110000D416 /* Base */,
			);
			name = Main.storyboard;
			sourceTree = "<group>";
		};
		3B4ED07A2BDD64130000D416 /* LaunchScreen.storyboard */ = {
			isa = PBXVariantGroup;
			children = (
				3B4ED07B2BDD64130000D416 /* Base */,
			);
			name = LaunchScreen.storyboard;
			sourceTree = "<group>";
		};
/* End PBXVariantGroup section */

/* Begin XCBuildConfiguration section */
		3B4ED0942BDD64130000D416 /* Debug */ = {
			isa = XCBuildConfiguration;
			buildSettings = {
				ALWAYS_SEARCH_USER_PATHS = NO;
				ASSETCATALOG_COMPILER_GENERATE_SWIFT_ASSET_SYMBOL_EXTENSIONS = YES;
				CLANG_ANALYZER_NONNULL = YES;
				CLANG_ANALYZER_NUMBER_OBJECT_CONVERSION = YES_AGGRESSIVE;
				CLANG_CXX_LANGUAGE_STANDARD = "gnu++20";
				CLANG_ENABLE_MODULES = YES;
				CLANG_ENABLE_OBJC_ARC = YES;
				CLANG_ENABLE_OBJC_WEAK = YES;
				CLANG_WARN_BLOCK_CAPTURE_AUTORELEASING = YES;
				CLANG_WARN_BOOL_CONVERSION = YES;
				CLANG_WARN_COMMA = YES;
				CLANG_WARN_CONSTANT_CONVERSION = YES;
				CLANG_WARN_DEPRECATED_OBJC_IMPLEMENTATIONS = YES;
				CLANG_WARN_DIRECT_OBJC_ISA_USAGE = YES_ERROR;
				CLANG_WARN_DOCUMENTATION_COMMENTS = YES;
				CLANG_WARN_EMPTY_BODY = YES;
				CLANG_WARN_ENUM_CONVERSION = YES;
				CLANG_WARN_INFINITE_RECURSION = YES;
				CLANG_WARN_INT_CONVERSION = YES;
				CLANG_WARN_NON_LITERAL_NULL_CONVERSION = YES;
				CLANG_WARN_OBJC_IMPLICIT_RETAIN_SELF = YES;
				CLANG_WARN_OBJC_LITERAL_CONVERSION = YES;
				CLANG_WARN_OBJC_ROOT_CLASS = YES_ERROR;
				CLANG_WARN_QUOTED_INCLUDE_IN_FRAMEWORK_HEADER = YES;
				CLANG_WARN_RANGE_LOOP_ANALYSIS = YES;
				CLANG_WARN_STRICT_PROTOTYPES = YES;
				CLANG_WARN_SUSPICIOUS_MOVE = YES;
				CLANG_WARN_UNGUARDED_AVAILABILITY = YES_AGGRESSIVE;
				CLANG_WARN_UNREACHABLE_CODE = YES;
				CLANG_WARN__DUPLICATE_METHOD_MATCH = YES;
				COPY_PHASE_STRIP = NO;
				DEBUG_INFORMATION_FORMAT = dwarf;
				ENABLE_STRICT_OBJC_MSGSEND = YES;
				ENABLE_TESTABILITY = YES;
				ENABLE_USER_SCRIPT_SANDBOXING = YES;
				GCC_C_LANGUAGE_STANDARD = gnu17;
				GCC_DYNAMIC_NO_PIC = NO;
				GCC_NO_COMMON_BLOCKS = YES;
				GCC_OPTIMIZATION_LEVEL = 0;
				GCC_PREPROCESSOR_DEFINITIONS = (
					"DEBUG=1",
					"$(inherited)",
				);
				GCC_WARN_64_TO_32_BIT_CONVERSION = YES;
				GCC_WARN_ABOUT_RETURN_TYPE = YES_ERROR;
				GCC_WARN_UNDECLARED_SELECTOR = YES;
				GCC_WARN_UNINITIALIZED_AUTOS = YES_AGGRESSIVE;
				GCC_WARN_UNUSED_FUNCTION = YES;
				GCC_WARN_UNUSED_VARIABLE = YES;
				IPHONEOS_DEPLOYMENT_TARGET = 15.0;
				LOCALIZATION_PREFERS_STRING_CATALOGS = YES;
				MTL_ENABLE_DEBUG_INFO = INCLUDE_SOURCE;
				MTL_FAST_MATH = YES;
				ONLY_ACTIVE_ARCH = YES;
				SDKROOT = iphoneos;
				SWIFT_ACTIVE_COMPILATION_CONDITIONS = "DEBUG $(inherited)";
				SWIFT_OPTIMIZATION_LEVEL = "-Onone";
			};
			name = Debug;
		};
		3B4ED0952BDD64130000D416 /* Release */ = {
			isa = XCBuildConfiguration;
			buildSettings = {
				ALWAYS_SEARCH_USER_PATHS = NO;
				ASSETCATALOG_COMPILER_GENERATE_SWIFT_ASSET_SYMBOL_EXTENSIONS = YES;
				CLANG_ANALYZER_NONNULL = YES;
				CLANG_ANALYZER_NUMBER_OBJECT_CONVERSION = YES_AGGRESSIVE;
				CLANG_CXX_LANGUAGE_STANDARD = "gnu++20";
				CLANG_ENABLE_MODULES = YES;
				CLANG_ENABLE_OBJC_ARC = YES;
				CLANG_ENABLE_OBJC_WEAK = YES;
				CLANG_WARN_BLOCK_CAPTURE_AUTORELEASING = YES;
				CLANG_WARN_BOOL_CONVERSION = YES;
				CLANG_WARN_COMMA = YES;
				CLANG_WARN_CONSTANT_CONVERSION = YES;
				CLANG_WARN_DEPRECATED_OBJC_IMPLEMENTATIONS = YES;
				CLANG_WARN_DIRECT_OBJC_ISA_USAGE = YES_ERROR;
				CLANG_WARN_DOCUMENTATION_COMMENTS = YES;
				CLANG_WARN_EMPTY_BODY = YES;
				CLANG_WARN_ENUM_CONVERSION = YES;
				CLANG_WARN_INFINITE_RECURSION = YES;
				CLANG_WARN_INT_CONVERSION = YES;
				CLANG_WARN_NON_LITERAL_NULL_CONVERSION = YES;
				CLANG_WARN_OBJC_IMPLICIT_RETAIN_SELF = YES;
				CLANG_WARN_OBJC_LITERAL_CONVERSION = YES;
				CLANG_WARN_OBJC_ROOT_CLASS = YES_ERROR;
				CLANG_WARN_QUOTED_INCLUDE_IN_FRAMEWORK_HEADER = YES;
				CLANG_WARN_RANGE_LOOP_ANALYSIS = YES;
				CLANG_WARN_STRICT_PROTOTYPES = YES;
				CLANG_WARN_SUSPICIOUS_MOVE = YES;
				CLANG_WARN_UNGUARDED_AVAILABILITY = YES_AGGRESSIVE;
				CLANG_WARN_UNREACHABLE_CODE = YES;
				CLANG_WARN__DUPLICATE_METHOD_MATCH = YES;
				COPY_PHASE_STRIP = NO;
				DEBUG_INFORMATION_FORMAT = "dwarf-with-dsym";
				ENABLE_NS_ASSERTIONS = NO;
				ENABLE_STRICT_OBJC_MSGSEND = YES;
				ENABLE_USER_SCRIPT_SANDBOXING = YES;
				GCC_C_LANGUAGE_STANDARD = gnu17;
				GCC_NO_COMMON_BLOCKS = YES;
				GCC_WARN_64_TO_32_BIT_CONVERSION = YES;
				GCC_WARN_ABOUT_RETURN_TYPE = YES_ERROR;
				GCC_WARN_UNDECLARED_SELECTOR = YES;
				GCC_WARN_UNINITIALIZED_AUTOS = YES_AGGRESSIVE;
				GCC_WARN_UNUSED_FUNCTION = YES;
				GCC_WARN_UNUSED_VARIABLE = YES;
				IPHONEOS_DEPLOYMENT_TARGET = 15.0;
				LOCALIZATION_PREFERS_STRING_CATALOGS = YES;
				MTL_ENABLE_DEBUG_INFO = NO;
				MTL_FAST_MATH = YES;
				SDKROOT = iphoneos;
				SWIFT_COMPILATION_MODE = wholemodule;
				VALIDATE_PRODUCT = YES;
			};
			name = Release;
		};
		3B4ED0972BDD64130000D416 /* Debug */ = {
			isa = XCBuildConfiguration;
			buildSettings = {
				ASSETCATALOG_COMPILER_APPICON_NAME = AppIcon;
				ASSETCATALOG_COMPILER_GLOBAL_ACCENT_COLOR_NAME = AccentColor;
				CODE_SIGN_STYLE = Automatic;
				CURRENT_PROJECT_VERSION = 1;
				DEVELOPMENT_TEAM = DW275526Z6;
				GENERATE_INFOPLIST_FILE = YES;
				INFOPLIST_FILE = PixivTutorials1/Info.plist;
				INFOPLIST_KEY_UIApplicationSupportsIndirectInputEvents = YES;
				INFOPLIST_KEY_UILaunchStoryboardName = LaunchScreen;
				INFOPLIST_KEY_UIMainStoryboardFile = Main;
				INFOPLIST_KEY_UISupportedInterfaceOrientations_iPad = "UIInterfaceOrientationPortrait UIInterfaceOrientationPortraitUpsideDown UIInterfaceOrientationLandscapeLeft UIInterfaceOrientationLandscapeRight";
				INFOPLIST_KEY_UISupportedInterfaceOrientations_iPhone = "UIInterfaceOrientationPortrait UIInterfaceOrientationLandscapeLeft UIInterfaceOrientationLandscapeRight";
				LD_RUNPATH_SEARCH_PATHS = (
					"$(inherited)",
					"@executable_path/Frameworks",
				);
				MARKETING_VERSION = 1.0;
				PRODUCT_BUNDLE_IDENTIFIER = com.imael.PixivTutorials1;
				PRODUCT_NAME = "$(TARGET_NAME)";
				SWIFT_EMIT_LOC_STRINGS = YES;
				SWIFT_VERSION = 5.0;
				TARGETED_DEVICE_FAMILY = "1,2";
			};
			name = Debug;
		};
		3B4ED0982BDD64130000D416 /* Release */ = {
			isa = XCBuildConfiguration;
			buildSettings = {
				ASSETCATALOG_COMPILER_APPICON_NAME = AppIcon;
				ASSETCATALOG_COMPILER_GLOBAL_ACCENT_COLOR_NAME = AccentColor;
				CODE_SIGN_STYLE = Automatic;
				CURRENT_PROJECT_VERSION = 1;
				DEVELOPMENT_TEAM = DW275526Z6;
				GENERATE_INFOPLIST_FILE = YES;
				INFOPLIST_FILE = PixivTutorials1/Info.plist;
				INFOPLIST_KEY_UIApplicationSupportsIndirectInputEvents = YES;
				INFOPLIST_KEY_UILaunchStoryboardName = LaunchScreen;
				INFOPLIST_KEY_UIMainStoryboardFile = Main;
				INFOPLIST_KEY_UISupportedInterfaceOrientations_iPad = "UIInterfaceOrientationPortrait UIInterfaceOrientationPortraitUpsideDown UIInterfaceOrientationLandscapeLeft UIInterfaceOrientationLandscapeRight";
				INFOPLIST_KEY_UISupportedInterfaceOrientations_iPhone = "UIInterfaceOrientationPortrait UIInterfaceOrientationLandscapeLeft UIInterfaceOrientationLandscapeRight";
				LD_RUNPATH_SEARCH_PATHS = (
					"$(inherited)",
					"@executable_path/Frameworks",
				);
				MARKETING_VERSION = 1.0;
				PRODUCT_BUNDLE_IDENTIFIER = com.imael.PixivTutorials1;
				PRODUCT_NAME = "$(TARGET_NAME)";
				SWIFT_EMIT_LOC_STRINGS = YES;
				SWIFT_VERSION = 5.0;
				TARGETED_DEVICE_FAMILY = "1,2";
			};
			name = Release;
		};
		3B4ED09A2BDD64130000D416 /* Debug */ = {
			isa = XCBuildConfiguration;
			buildSettings = {
				ALWAYS_EMBED_SWIFT_STANDARD_LIBRARIES = YES;
				BUNDLE_LOADER = "$(TEST_HOST)";
				CODE_SIGN_STYLE = Automatic;
				CURRENT_PROJECT_VERSION = 1;
				DEVELOPMENT_TEAM = DW275526Z6;
				GENERATE_INFOPLIST_FILE = YES;
				IPHONEOS_DEPLOYMENT_TARGET = 17.2;
				MARKETING_VERSION = 1.0;
				PRODUCT_BUNDLE_IDENTIFIER = com.imael.PixivTutorials1Tests;
				PRODUCT_NAME = "$(TARGET_NAME)";
				SWIFT_EMIT_LOC_STRINGS = NO;
				SWIFT_VERSION = 5.0;
				TARGETED_DEVICE_FAMILY = "1,2";
				TEST_HOST = "$(BUILT_PRODUCTS_DIR)/PixivTutorials1.app/$(BUNDLE_EXECUTABLE_FOLDER_PATH)/PixivTutorials1";
			};
			name = Debug;
		};
		3B4ED09B2BDD64130000D416 /* Release */ = {
			isa = XCBuildConfiguration;
			buildSettings = {
				ALWAYS_EMBED_SWIFT_STANDARD_LIBRARIES = YES;
				BUNDLE_LOADER = "$(TEST_HOST)";
				CODE_SIGN_STYLE = Automatic;
				CURRENT_PROJECT_VERSION = 1;
				DEVELOPMENT_TEAM = DW275526Z6;
				GENERATE_INFOPLIST_FILE = YES;
				IPHONEOS_DEPLOYMENT_TARGET = 17.2;
				MARKETING_VERSION = 1.0;
				PRODUCT_BUNDLE_IDENTIFIER = com.imael.PixivTutorials1Tests;
				PRODUCT_NAME = "$(TARGET_NAME)";
				SWIFT_EMIT_LOC_STRINGS = NO;
				SWIFT_VERSION = 5.0;
				TARGETED_DEVICE_FAMILY = "1,2";
				TEST_HOST = "$(BUILT_PRODUCTS_DIR)/PixivTutorials1.app/$(BUNDLE_EXECUTABLE_FOLDER_PATH)/PixivTutorials1";
			};
			name = Release;
		};
		3B4ED09D2BDD64130000D416 /* Debug */ = {
			isa = XCBuildConfiguration;
			buildSettings = {
				ALWAYS_EMBED_SWIFT_STANDARD_LIBRARIES = YES;
				CODE_SIGN_STYLE = Automatic;
				CURRENT_PROJECT_VERSION = 1;
				DEVELOPMENT_TEAM = DW275526Z6;
				GENERATE_INFOPLIST_FILE = YES;
				MARKETING_VERSION = 1.0;
				PRODUCT_BUNDLE_IDENTIFIER = com.imael.PixivTutorials1UITests;
				PRODUCT_NAME = "$(TARGET_NAME)";
				SWIFT_EMIT_LOC_STRINGS = NO;
				SWIFT_VERSION = 5.0;
				TARGETED_DEVICE_FAMILY = "1,2";
				TEST_TARGET_NAME = PixivTutorials1;
			};
			name = Debug;
		};
		3B4ED09E2BDD64130000D416 /* Release */ = {
			isa = XCBuildConfiguration;
			buildSettings = {
				ALWAYS_EMBED_SWIFT_STANDARD_LIBRARIES = YES;
				CODE_SIGN_STYLE = Automatic;
				CURRENT_PROJECT_VERSION = 1;
				DEVELOPMENT_TEAM = DW275526Z6;
				GENERATE_INFOPLIST_FILE = YES;
				MARKETING_VERSION = 1.0;
				PRODUCT_BUNDLE_IDENTIFIER = com.imael.PixivTutorials1UITests;
				PRODUCT_NAME = "$(TARGET_NAME)";
				SWIFT_EMIT_LOC_STRINGS = NO;
				SWIFT_VERSION = 5.0;
				TARGETED_DEVICE_FAMILY = "1,2";
				TEST_TARGET_NAME = PixivTutorials1;
			};
			name = Release;
		};
/* End XCBuildConfiguration section */

/* Begin XCConfigurationList section */
		3B4ED0672BDD64110000D416 /* Build configuration list for PBXProject "PixivTutorials1" */ = {
			isa = XCConfigurationList;
			buildConfigurations = (
				3B4ED0942BDD64130000D416 /* Debug */,
				3B4ED0952BDD64130000D416 /* Release */,
			);
			defaultConfigurationIsVisible = 0;
			defaultConfigurationName = Release;
		};
		3B4ED0962BDD64130000D416 /* Build configuration list for PBXNativeTarget "PixivTutorials1" */ = {
			isa = XCConfigurationList;
			buildConfigurations = (
				3B4ED0972BDD64130000D416 /* Debug */,
				3B4ED0982BDD64130000D416 /* Release */,
			);
			defaultConfigurationIsVisible = 0;
			defaultConfigurationName = Release;
		};
		3B4ED0992BDD64130000D416 /* Build configuration list for PBXNativeTarget "PixivTutorials1Tests" */ = {
			isa = XCConfigurationList;
			buildConfigurations = (
				3B4ED09A2BDD64130000D416 /* Debug */,
				3B4ED09B2BDD64130000D416 /* Release */,
			);
			defaultConfigurationIsVisible = 0;
			defaultConfigurationName = Release;
		};
		3B4ED09C2BDD64130000D416 /* Build configuration list for PBXNativeTarget "PixivTutorials1UITests" */ = {
			isa = XCConfigurationList;
			buildConfigurations = (
				3B4ED09D2BDD64130000D416 /* Debug */,
				3B4ED09E2BDD64130000D416 /* Release */,
			);
			defaultConfigurationIsVisible = 0;
			defaultConfigurationName = Release;
		};
/* End XCConfigurationList section */
	};
	rootObject = 3B4ED0642BDD64110000D416 /* Project object */;
}
